// !$*UTF8*$!
{
	archiveVersion = 1;
	classes = {
	};
	objectVersion = 56;
	objects = {

/* Begin PBXBuildFile section */
		6F3596862A3CF2D1005F884A /* iTunesAppTests.swift in Sources */ = {isa = PBXBuildFile; fileRef = 6F3596852A3CF2D1005F884A /* iTunesAppTests.swift */; };
		6F35968E2A3CF308005F884A /* MockSplashInteractor.swift in Sources */ = {isa = PBXBuildFile; fileRef = 6F35968D2A3CF308005F884A /* MockSplashInteractor.swift */; };
		6F3596912A3CF3BD005F884A /* MockSplashViewController.swift in Sources */ = {isa = PBXBuildFile; fileRef = 6F3596902A3CF3BD005F884A /* MockSplashViewController.swift */; };
		6F3596982A3CF48C005F884A /* MockSplashPresenter.swift in Sources */ = {isa = PBXBuildFile; fileRef = 6F3596972A3CF48C005F884A /* MockSplashPresenter.swift */; };
		6F35969A2A3CF556005F884A /* MockSplashRouter.swift in Sources */ = {isa = PBXBuildFile; fileRef = 6F3596992A3CF556005F884A /* MockSplashRouter.swift */; };
		6F35969C2A3CFAA1005F884A /* SplashTests.swift in Sources */ = {isa = PBXBuildFile; fileRef = 6F35969B2A3CFAA1005F884A /* SplashTests.swift */; };
		6F75DD002A3CCFF1003CD00E /* MediaPlayer.swift in Sources */ = {isa = PBXBuildFile; fileRef = 6F75DCFF2A3CCFF1003CD00E /* MediaPlayer.swift */; };
		6F83CEFD2A500AC800AE59FA /* FloatingViewManager in Frameworks */ = {isa = PBXBuildFile; productRef = 6F83CEFC2A500AC800AE59FA /* FloatingViewManager */; };
		6F83CF032A501D5500AE59FA /* MediaPlayerView in Frameworks */ = {isa = PBXBuildFile; productRef = 6F83CF022A501D5500AE59FA /* MediaPlayerView */; };
		6F83CF052A50703300AE59FA /* AVFoundation.framework in Frameworks */ = {isa = PBXBuildFile; fileRef = 6F83CF042A50703300AE59FA /* AVFoundation.framework */; };
		6FB536012A352DBC00FAB6C3 /* AppDelegate.swift in Sources */ = {isa = PBXBuildFile; fileRef = 6FB536002A352DBC00FAB6C3 /* AppDelegate.swift */; };
		6FB536032A352DBC00FAB6C3 /* SceneDelegate.swift in Sources */ = {isa = PBXBuildFile; fileRef = 6FB536022A352DBC00FAB6C3 /* SceneDelegate.swift */; };
		6FB536052A352DBC00FAB6C3 /* HomeViewController.swift in Sources */ = {isa = PBXBuildFile; fileRef = 6FB536042A352DBC00FAB6C3 /* HomeViewController.swift */; };
		6FB536082A352DBC00FAB6C3 /* Main.storyboard in Resources */ = {isa = PBXBuildFile; fileRef = 6FB536062A352DBC00FAB6C3 /* Main.storyboard */; };
		6FB5360A2A352DBC00FAB6C3 /* Assets.xcassets in Resources */ = {isa = PBXBuildFile; fileRef = 6FB536092A352DBC00FAB6C3 /* Assets.xcassets */; };
		6FB5360D2A352DBC00FAB6C3 /* LaunchScreen.storyboard in Resources */ = {isa = PBXBuildFile; fileRef = 6FB5360B2A352DBC00FAB6C3 /* LaunchScreen.storyboard */; };
		6FB5361D2A352EE200FAB6C3 /* BaseViewController.swift in Sources */ = {isa = PBXBuildFile; fileRef = 6FB5361C2A352EE200FAB6C3 /* BaseViewController.swift */; };
		6FB536202A352F2000FAB6C3 /* GridLayout in Frameworks */ = {isa = PBXBuildFile; productRef = 6FB5361F2A352F2000FAB6C3 /* GridLayout */; };
		6FB536222A352F2300FAB6C3 /* LoadingShowerController in Frameworks */ = {isa = PBXBuildFile; productRef = 6FB536212A352F2300FAB6C3 /* LoadingShowerController */; };
		6FB536242A35304E00FAB6C3 /* HomePresenter.swift in Sources */ = {isa = PBXBuildFile; fileRef = 6FB536232A35304E00FAB6C3 /* HomePresenter.swift */; };
		6FB536262A3530BE00FAB6C3 /* HomeInteractor.swift in Sources */ = {isa = PBXBuildFile; fileRef = 6FB536252A3530BE00FAB6C3 /* HomeInteractor.swift */; };
		6FB536282A3530D800FAB6C3 /* HomeRouter.swift in Sources */ = {isa = PBXBuildFile; fileRef = 6FB536272A3530D800FAB6C3 /* HomeRouter.swift */; };
		6FB5362B2A3532FC00FAB6C3 /* SplashViewController.swift in Sources */ = {isa = PBXBuildFile; fileRef = 6FB5362A2A3532FC00FAB6C3 /* SplashViewController.swift */; };
		6FB5362D2A35335B00FAB6C3 /* SplashInteractor.swift in Sources */ = {isa = PBXBuildFile; fileRef = 6FB5362C2A35335B00FAB6C3 /* SplashInteractor.swift */; };
		6FB5362F2A35337700FAB6C3 /* SplashPresenter.swift in Sources */ = {isa = PBXBuildFile; fileRef = 6FB5362E2A35337700FAB6C3 /* SplashPresenter.swift */; };
		6FB536312A35338F00FAB6C3 /* SplashRouter.swift in Sources */ = {isa = PBXBuildFile; fileRef = 6FB536302A35338F00FAB6C3 /* SplashRouter.swift */; };
		6FB5363D2A35665200FAB6C3 /* ApplicationConstants.swift in Sources */ = {isa = PBXBuildFile; fileRef = 6FB5363C2A35665200FAB6C3 /* ApplicationConstants.swift */; };
		6FB536422A35F10600FAB6C3 /* NetworkStatusObserver in Frameworks */ = {isa = PBXBuildFile; productRef = 6FB536412A35F10600FAB6C3 /* NetworkStatusObserver */; };
		6FB536452A35F38800FAB6C3 /* FavoritesViewController.swift in Sources */ = {isa = PBXBuildFile; fileRef = 6FB536442A35F38800FAB6C3 /* FavoritesViewController.swift */; };
		6FB536472A35F3BC00FAB6C3 /* FavoritesInteractor.swift in Sources */ = {isa = PBXBuildFile; fileRef = 6FB536462A35F3BC00FAB6C3 /* FavoritesInteractor.swift */; };
		6FB536492A35F3FD00FAB6C3 /* FavoritesRouter.swift in Sources */ = {isa = PBXBuildFile; fileRef = 6FB536482A35F3FD00FAB6C3 /* FavoritesRouter.swift */; };
		6FB5364B2A35F42C00FAB6C3 /* FavoritesPresenter.swift in Sources */ = {isa = PBXBuildFile; fileRef = 6FB5364A2A35F42C00FAB6C3 /* FavoritesPresenter.swift */; };
		6FB5364E2A35FBD600FAB6C3 /* MainRouter.swift in Sources */ = {isa = PBXBuildFile; fileRef = 6FB5364D2A35FBD600FAB6C3 /* MainRouter.swift */; };
		6FB536502A36019B00FAB6C3 /* MainInteractor.swift in Sources */ = {isa = PBXBuildFile; fileRef = 6FB5364F2A36019B00FAB6C3 /* MainInteractor.swift */; };
		6FB536522A36022500FAB6C3 /* MainPresenter.swift in Sources */ = {isa = PBXBuildFile; fileRef = 6FB536512A36022500FAB6C3 /* MainPresenter.swift */; };
		6FB536542A3603ED00FAB6C3 /* MainViewController.swift in Sources */ = {isa = PBXBuildFile; fileRef = 6FB536532A3603ED00FAB6C3 /* MainViewController.swift */; };
		6FB536572A362A7900FAB6C3 /* NSLayoutConstraint+Extension.swift in Sources */ = {isa = PBXBuildFile; fileRef = 6FB536562A362A7900FAB6C3 /* NSLayoutConstraint+Extension.swift */; };
		6FB5365B2A36404700FAB6C3 /* iTunesAPI in Frameworks */ = {isa = PBXBuildFile; productRef = 6FB5365A2A36404700FAB6C3 /* iTunesAPI */; };
		6FB5365D2A3650C800FAB6C3 /* SegmentedPickerView in Frameworks */ = {isa = PBXBuildFile; productRef = 6FB5365C2A3650C800FAB6C3 /* SegmentedPickerView */; };
		6FBABA2A2A39C468003EE5F3 /* HomeEntity.swift in Sources */ = {isa = PBXBuildFile; fileRef = 6FBABA292A39C468003EE5F3 /* HomeEntity.swift */; };
		6FBABA2C2A39C5A7003EE5F3 /* MainEntity.swift in Sources */ = {isa = PBXBuildFile; fileRef = 6FBABA2B2A39C5A7003EE5F3 /* MainEntity.swift */; };
		6FBABA312A3A019D003EE5F3 /* SearchCell.swift in Sources */ = {isa = PBXBuildFile; fileRef = 6FBABA302A3A019D003EE5F3 /* SearchCell.swift */; };
		6FBABA332A3A01A7003EE5F3 /* SearchCellPresenter.swift in Sources */ = {isa = PBXBuildFile; fileRef = 6FBABA322A3A01A7003EE5F3 /* SearchCellPresenter.swift */; };
		6FBABA352A3A0276003EE5F3 /* SearchCellInteractor.swift in Sources */ = {isa = PBXBuildFile; fileRef = 6FBABA342A3A0276003EE5F3 /* SearchCellInteractor.swift */; };
		6FBABA372A3A03CF003EE5F3 /* SearchCollectionFlowLayout.swift in Sources */ = {isa = PBXBuildFile; fileRef = 6FBABA362A3A03CF003EE5F3 /* SearchCollectionFlowLayout.swift */; };
		6FBABA392A3A043E003EE5F3 /* SearchCellEntity.swift in Sources */ = {isa = PBXBuildFile; fileRef = 6FBABA382A3A043E003EE5F3 /* SearchCellEntity.swift */; };
		6FBABA3D2A3A51D5003EE5F3 /* UIEdgeInsets+Extension.swift in Sources */ = {isa = PBXBuildFile; fileRef = 6FBABA3C2A3A51D5003EE5F3 /* UIEdgeInsets+Extension.swift */; };
		6FBABA402A3B7739003EE5F3 /* UIColor+Extension.swift in Sources */ = {isa = PBXBuildFile; fileRef = 6FBABA3F2A3B7739003EE5F3 /* UIColor+Extension.swift */; };
		6FBABA422A3B7877003EE5F3 /* CGFloat+Extension.swift in Sources */ = {isa = PBXBuildFile; fileRef = 6FBABA412A3B7877003EE5F3 /* CGFloat+Extension.swift */; };
		6FBABA442A3B8CAD003EE5F3 /* DetailViewController.swift in Sources */ = {isa = PBXBuildFile; fileRef = 6FBABA432A3B8CAD003EE5F3 /* DetailViewController.swift */; };
		6FBABA462A3B8D01003EE5F3 /* DetailInteractor.swift in Sources */ = {isa = PBXBuildFile; fileRef = 6FBABA452A3B8D01003EE5F3 /* DetailInteractor.swift */; };
		6FBABA482A3B8D35003EE5F3 /* DetailPresenter.swift in Sources */ = {isa = PBXBuildFile; fileRef = 6FBABA472A3B8D35003EE5F3 /* DetailPresenter.swift */; };
		6FBABA4A2A3B8DA1003EE5F3 /* DetailRouter.swift in Sources */ = {isa = PBXBuildFile; fileRef = 6FBABA492A3B8DA1003EE5F3 /* DetailRouter.swift */; };
		6FBABA552A3C9D22003EE5F3 /* CoreData.framework in Frameworks */ = {isa = PBXBuildFile; fileRef = 6FBABA542A3C9D21003EE5F3 /* CoreData.framework */; };
		6FBABA5A2A3C9DF9003EE5F3 /* SearchEntityCoreDataModel.xcdatamodeld in Sources */ = {isa = PBXBuildFile; fileRef = 6FBABA582A3C9DF9003EE5F3 /* SearchEntityCoreDataModel.xcdatamodeld */; };
		6FBABA5D2A3CA205003EE5F3 /* CoreDataManager.swift in Sources */ = {isa = PBXBuildFile; fileRef = 6FBABA5C2A3CA205003EE5F3 /* CoreDataManager.swift */; };
/* End PBXBuildFile section */

/* Begin PBXContainerItemProxy section */
		6F3596872A3CF2D1005F884A /* PBXContainerItemProxy */ = {
			isa = PBXContainerItemProxy;
			containerPortal = 6FB535F52A352DBC00FAB6C3 /* Project object */;
			proxyType = 1;
			remoteGlobalIDString = 6FB535FC2A352DBC00FAB6C3;
			remoteInfo = iTunesApp;
		};
/* End PBXContainerItemProxy section */

/* Begin PBXFileReference section */
		6F3596832A3CF2D1005F884A /* iTunesAppTests.xctest */ = {isa = PBXFileReference; explicitFileType = wrapper.cfbundle; includeInIndex = 0; path = iTunesAppTests.xctest; sourceTree = BUILT_PRODUCTS_DIR; };
		6F3596852A3CF2D1005F884A /* iTunesAppTests.swift */ = {isa = PBXFileReference; lastKnownFileType = sourcecode.swift; path = iTunesAppTests.swift; sourceTree = "<group>"; };
		6F35968D2A3CF308005F884A /* MockSplashInteractor.swift */ = {isa = PBXFileReference; lastKnownFileType = sourcecode.swift; path = MockSplashInteractor.swift; sourceTree = "<group>"; };
		6F3596902A3CF3BD005F884A /* MockSplashViewController.swift */ = {isa = PBXFileReference; lastKnownFileType = sourcecode.swift; path = MockSplashViewController.swift; sourceTree = "<group>"; };
		6F3596972A3CF48C005F884A /* MockSplashPresenter.swift */ = {isa = PBXFileReference; lastKnownFileType = sourcecode.swift; path = MockSplashPresenter.swift; sourceTree = "<group>"; };
		6F3596992A3CF556005F884A /* MockSplashRouter.swift */ = {isa = PBXFileReference; lastKnownFileType = sourcecode.swift; path = MockSplashRouter.swift; sourceTree = "<group>"; };
		6F35969B2A3CFAA1005F884A /* SplashTests.swift */ = {isa = PBXFileReference; lastKnownFileType = sourcecode.swift; path = SplashTests.swift; sourceTree = "<group>"; };
		6F75DCFF2A3CCFF1003CD00E /* MediaPlayer.swift */ = {isa = PBXFileReference; lastKnownFileType = sourcecode.swift; path = MediaPlayer.swift; sourceTree = "<group>"; };
		6F83CEFB2A500AB200AE59FA /* FloatingViewManager */ = {isa = PBXFileReference; lastKnownFileType = wrapper; name = FloatingViewManager; path = ../FloatingViewManager; sourceTree = "<group>"; };
		6F83CF012A501D1F00AE59FA /* MediaPlayerView */ = {isa = PBXFileReference; lastKnownFileType = wrapper; name = MediaPlayerView; path = ../MediaPlayerView; sourceTree = "<group>"; };
		6F83CF042A50703300AE59FA /* AVFoundation.framework */ = {isa = PBXFileReference; lastKnownFileType = wrapper.framework; name = AVFoundation.framework; path = System/Library/Frameworks/AVFoundation.framework; sourceTree = SDKROOT; };
		6FB535FD2A352DBC00FAB6C3 /* iTunesApp.app */ = {isa = PBXFileReference; explicitFileType = wrapper.application; includeInIndex = 0; path = iTunesApp.app; sourceTree = BUILT_PRODUCTS_DIR; };
		6FB536002A352DBC00FAB6C3 /* AppDelegate.swift */ = {isa = PBXFileReference; lastKnownFileType = sourcecode.swift; path = AppDelegate.swift; sourceTree = "<group>"; };
		6FB536022A352DBC00FAB6C3 /* SceneDelegate.swift */ = {isa = PBXFileReference; lastKnownFileType = sourcecode.swift; path = SceneDelegate.swift; sourceTree = "<group>"; };
		6FB536042A352DBC00FAB6C3 /* HomeViewController.swift */ = {isa = PBXFileReference; lastKnownFileType = sourcecode.swift; path = HomeViewController.swift; sourceTree = "<group>"; };
		6FB536072A352DBC00FAB6C3 /* Base */ = {isa = PBXFileReference; lastKnownFileType = file.storyboard; name = Base; path = Base.lproj/Main.storyboard; sourceTree = "<group>"; };
		6FB536092A352DBC00FAB6C3 /* Assets.xcassets */ = {isa = PBXFileReference; lastKnownFileType = folder.assetcatalog; path = Assets.xcassets; sourceTree = "<group>"; };
		6FB5360C2A352DBC00FAB6C3 /* Base */ = {isa = PBXFileReference; lastKnownFileType = file.storyboard; name = Base; path = Base.lproj/LaunchScreen.storyboard; sourceTree = "<group>"; };
		6FB5360E2A352DBC00FAB6C3 /* Info.plist */ = {isa = PBXFileReference; lastKnownFileType = text.plist.xml; path = Info.plist; sourceTree = "<group>"; };
		6FB536192A352EB100FAB6C3 /* GridLayout */ = {isa = PBXFileReference; lastKnownFileType = wrapper; name = GridLayout; path = ../GridLayout; sourceTree = "<group>"; };
		6FB5361A2A352EBA00FAB6C3 /* NetworkDataAPI */ = {isa = PBXFileReference; lastKnownFileType = wrapper; name = NetworkDataAPI; path = ../NetworkDataAPI; sourceTree = "<group>"; };
		6FB5361B2A352EC700FAB6C3 /* LoadingShowerController */ = {isa = PBXFileReference; lastKnownFileType = wrapper; name = LoadingShowerController; path = ../LoadingShowerController; sourceTree = "<group>"; };
		6FB5361C2A352EE200FAB6C3 /* BaseViewController.swift */ = {isa = PBXFileReference; lastKnownFileType = sourcecode.swift; path = BaseViewController.swift; sourceTree = "<group>"; };
		6FB536232A35304E00FAB6C3 /* HomePresenter.swift */ = {isa = PBXFileReference; lastKnownFileType = sourcecode.swift; path = HomePresenter.swift; sourceTree = "<group>"; };
		6FB536252A3530BE00FAB6C3 /* HomeInteractor.swift */ = {isa = PBXFileReference; lastKnownFileType = sourcecode.swift; path = HomeInteractor.swift; sourceTree = "<group>"; };
		6FB536272A3530D800FAB6C3 /* HomeRouter.swift */ = {isa = PBXFileReference; lastKnownFileType = sourcecode.swift; path = HomeRouter.swift; sourceTree = "<group>"; };
		6FB5362A2A3532FC00FAB6C3 /* SplashViewController.swift */ = {isa = PBXFileReference; lastKnownFileType = sourcecode.swift; path = SplashViewController.swift; sourceTree = "<group>"; };
		6FB5362C2A35335B00FAB6C3 /* SplashInteractor.swift */ = {isa = PBXFileReference; lastKnownFileType = sourcecode.swift; path = SplashInteractor.swift; sourceTree = "<group>"; };
		6FB5362E2A35337700FAB6C3 /* SplashPresenter.swift */ = {isa = PBXFileReference; lastKnownFileType = sourcecode.swift; path = SplashPresenter.swift; sourceTree = "<group>"; };
		6FB536302A35338F00FAB6C3 /* SplashRouter.swift */ = {isa = PBXFileReference; lastKnownFileType = sourcecode.swift; path = SplashRouter.swift; sourceTree = "<group>"; };
		6FB5363C2A35665200FAB6C3 /* ApplicationConstants.swift */ = {isa = PBXFileReference; lastKnownFileType = sourcecode.swift; path = ApplicationConstants.swift; sourceTree = "<group>"; };
		6FB536402A35F0E600FAB6C3 /* NetworkStatusObserver */ = {isa = PBXFileReference; lastKnownFileType = wrapper; name = NetworkStatusObserver; path = ../NetworkStatusObserver; sourceTree = "<group>"; };
		6FB536442A35F38800FAB6C3 /* FavoritesViewController.swift */ = {isa = PBXFileReference; lastKnownFileType = sourcecode.swift; path = FavoritesViewController.swift; sourceTree = "<group>"; };
		6FB536462A35F3BC00FAB6C3 /* FavoritesInteractor.swift */ = {isa = PBXFileReference; lastKnownFileType = sourcecode.swift; path = FavoritesInteractor.swift; sourceTree = "<group>"; };
		6FB536482A35F3FD00FAB6C3 /* FavoritesRouter.swift */ = {isa = PBXFileReference; lastKnownFileType = sourcecode.swift; path = FavoritesRouter.swift; sourceTree = "<group>"; };
		6FB5364A2A35F42C00FAB6C3 /* FavoritesPresenter.swift */ = {isa = PBXFileReference; lastKnownFileType = sourcecode.swift; path = FavoritesPresenter.swift; sourceTree = "<group>"; };
		6FB5364D2A35FBD600FAB6C3 /* MainRouter.swift */ = {isa = PBXFileReference; lastKnownFileType = sourcecode.swift; path = MainRouter.swift; sourceTree = "<group>"; };
		6FB5364F2A36019B00FAB6C3 /* MainInteractor.swift */ = {isa = PBXFileReference; lastKnownFileType = sourcecode.swift; path = MainInteractor.swift; sourceTree = "<group>"; };
		6FB536512A36022500FAB6C3 /* MainPresenter.swift */ = {isa = PBXFileReference; lastKnownFileType = sourcecode.swift; path = MainPresenter.swift; sourceTree = "<group>"; };
		6FB536532A3603ED00FAB6C3 /* MainViewController.swift */ = {isa = PBXFileReference; lastKnownFileType = sourcecode.swift; path = MainViewController.swift; sourceTree = "<group>"; };
		6FB536562A362A7900FAB6C3 /* NSLayoutConstraint+Extension.swift */ = {isa = PBXFileReference; lastKnownFileType = sourcecode.swift; path = "NSLayoutConstraint+Extension.swift"; sourceTree = "<group>"; };
		6FB536582A363FA900FAB6C3 /* SegmentedPickerView */ = {isa = PBXFileReference; lastKnownFileType = wrapper; name = SegmentedPickerView; path = ../SegmentedPickerView; sourceTree = "<group>"; };
		6FB536592A36403D00FAB6C3 /* iTunesAPI */ = {isa = PBXFileReference; lastKnownFileType = wrapper; name = iTunesAPI; path = ../iTunesAPI; sourceTree = "<group>"; };
		6FBABA292A39C468003EE5F3 /* HomeEntity.swift */ = {isa = PBXFileReference; lastKnownFileType = sourcecode.swift; path = HomeEntity.swift; sourceTree = "<group>"; };
		6FBABA2B2A39C5A7003EE5F3 /* MainEntity.swift */ = {isa = PBXFileReference; lastKnownFileType = sourcecode.swift; path = MainEntity.swift; sourceTree = "<group>"; };
		6FBABA302A3A019D003EE5F3 /* SearchCell.swift */ = {isa = PBXFileReference; lastKnownFileType = sourcecode.swift; path = SearchCell.swift; sourceTree = "<group>"; };
		6FBABA322A3A01A7003EE5F3 /* SearchCellPresenter.swift */ = {isa = PBXFileReference; lastKnownFileType = sourcecode.swift; path = SearchCellPresenter.swift; sourceTree = "<group>"; };
		6FBABA342A3A0276003EE5F3 /* SearchCellInteractor.swift */ = {isa = PBXFileReference; lastKnownFileType = sourcecode.swift; path = SearchCellInteractor.swift; sourceTree = "<group>"; };
		6FBABA362A3A03CF003EE5F3 /* SearchCollectionFlowLayout.swift */ = {isa = PBXFileReference; lastKnownFileType = sourcecode.swift; path = SearchCollectionFlowLayout.swift; sourceTree = "<group>"; };
		6FBABA382A3A043E003EE5F3 /* SearchCellEntity.swift */ = {isa = PBXFileReference; lastKnownFileType = sourcecode.swift; path = SearchCellEntity.swift; sourceTree = "<group>"; };
		6FBABA3C2A3A51D5003EE5F3 /* UIEdgeInsets+Extension.swift */ = {isa = PBXFileReference; lastKnownFileType = sourcecode.swift; path = "UIEdgeInsets+Extension.swift"; sourceTree = "<group>"; };
		6FBABA3F2A3B7739003EE5F3 /* UIColor+Extension.swift */ = {isa = PBXFileReference; lastKnownFileType = sourcecode.swift; path = "UIColor+Extension.swift"; sourceTree = "<group>"; };
		6FBABA412A3B7877003EE5F3 /* CGFloat+Extension.swift */ = {isa = PBXFileReference; lastKnownFileType = sourcecode.swift; path = "CGFloat+Extension.swift"; sourceTree = "<group>"; };
		6FBABA432A3B8CAD003EE5F3 /* DetailViewController.swift */ = {isa = PBXFileReference; lastKnownFileType = sourcecode.swift; path = DetailViewController.swift; sourceTree = "<group>"; };
		6FBABA452A3B8D01003EE5F3 /* DetailInteractor.swift */ = {isa = PBXFileReference; lastKnownFileType = sourcecode.swift; path = DetailInteractor.swift; sourceTree = "<group>"; };
		6FBABA472A3B8D35003EE5F3 /* DetailPresenter.swift */ = {isa = PBXFileReference; lastKnownFileType = sourcecode.swift; path = DetailPresenter.swift; sourceTree = "<group>"; };
		6FBABA492A3B8DA1003EE5F3 /* DetailRouter.swift */ = {isa = PBXFileReference; lastKnownFileType = sourcecode.swift; path = DetailRouter.swift; sourceTree = "<group>"; };
		6FBABA542A3C9D21003EE5F3 /* CoreData.framework */ = {isa = PBXFileReference; lastKnownFileType = wrapper.framework; name = CoreData.framework; path = System/Library/Frameworks/CoreData.framework; sourceTree = SDKROOT; };
		6FBABA592A3C9DF9003EE5F3 /* SearchEntityCoreDataModel.xcdatamodel */ = {isa = PBXFileReference; lastKnownFileType = wrapper.xcdatamodel; path = SearchEntityCoreDataModel.xcdatamodel; sourceTree = "<group>"; };
		6FBABA5C2A3CA205003EE5F3 /* CoreDataManager.swift */ = {isa = PBXFileReference; lastKnownFileType = sourcecode.swift; path = CoreDataManager.swift; sourceTree = "<group>"; };
/* End PBXFileReference section */

/* Begin PBXFrameworksBuildPhase section */
		6F3596802A3CF2D1005F884A /* Frameworks */ = {
			isa = PBXFrameworksBuildPhase;
			buildActionMask = 2147483647;
			files = (
			);
			runOnlyForDeploymentPostprocessing = 0;
		};
		6FB535FA2A352DBC00FAB6C3 /* Frameworks */ = {
			isa = PBXFrameworksBuildPhase;
			buildActionMask = 2147483647;
			files = (
				6F83CF052A50703300AE59FA /* AVFoundation.framework in Frameworks */,
				6FB536202A352F2000FAB6C3 /* GridLayout in Frameworks */,
				6FBABA552A3C9D22003EE5F3 /* CoreData.framework in Frameworks */,
				6F83CEFD2A500AC800AE59FA /* FloatingViewManager in Frameworks */,
				6FB536222A352F2300FAB6C3 /* LoadingShowerController in Frameworks */,
				6FB536422A35F10600FAB6C3 /* NetworkStatusObserver in Frameworks */,
				6FB5365B2A36404700FAB6C3 /* iTunesAPI in Frameworks */,
				6FB5365D2A3650C800FAB6C3 /* SegmentedPickerView in Frameworks */,
				6F83CF032A501D5500AE59FA /* MediaPlayerView in Frameworks */,
			);
			runOnlyForDeploymentPostprocessing = 0;
		};
/* End PBXFrameworksBuildPhase section */

/* Begin PBXGroup section */
		6F3596842A3CF2D1005F884A /* iTunesAppTests */ = {
			isa = PBXGroup;
			children = (
				6F35968C2A3CF2FB005F884A /* Mock */,
				6F3596852A3CF2D1005F884A /* iTunesAppTests.swift */,
			);
			path = iTunesAppTests;
			sourceTree = "<group>";
		};
		6F35968C2A3CF2FB005F884A /* Mock */ = {
			isa = PBXGroup;
			children = (
				6F35968F2A3CF399005F884A /* Splash */,
			);
			path = Mock;
			sourceTree = "<group>";
		};
		6F35968F2A3CF399005F884A /* Splash */ = {
			isa = PBXGroup;
			children = (
				6F3596902A3CF3BD005F884A /* MockSplashViewController.swift */,
				6F35968D2A3CF308005F884A /* MockSplashInteractor.swift */,
				6F3596972A3CF48C005F884A /* MockSplashPresenter.swift */,
				6F3596992A3CF556005F884A /* MockSplashRouter.swift */,
				6F35969B2A3CFAA1005F884A /* SplashTests.swift */,
			);
			path = Splash;
			sourceTree = "<group>";
		};
		6FB535F42A352DBC00FAB6C3 = {
			isa = PBXGroup;
			children = (
				6FB536182A352EB100FAB6C3 /* Packages */,
				6FB535FF2A352DBC00FAB6C3 /* iTunesApp */,
				6F3596842A3CF2D1005F884A /* iTunesAppTests */,
				6FB535FE2A352DBC00FAB6C3 /* Products */,
				6FB5361E2A352F2000FAB6C3 /* Frameworks */,
			);
			sourceTree = "<group>";
		};
		6FB535FE2A352DBC00FAB6C3 /* Products */ = {
			isa = PBXGroup;
			children = (
				6FB535FD2A352DBC00FAB6C3 /* iTunesApp.app */,
				6F3596832A3CF2D1005F884A /* iTunesAppTests.xctest */,
			);
			name = Products;
			sourceTree = "<group>";
		};
		6FB535FF2A352DBC00FAB6C3 /* iTunesApp */ = {
			isa = PBXGroup;
			children = (
				6FB536152A352E0C00FAB6C3 /* Application */,
				6FB536552A362A5600FAB6C3 /* Extensions */,
				6FBABA5B2A3CA1EC003EE5F3 /* Utility */,
				6FB536142A352DFF00FAB6C3 /* Modules */,
				6FB5360E2A352DBC00FAB6C3 /* Info.plist */,
			);
			path = iTunesApp;
			sourceTree = "<group>";
		};
		6FB536142A352DFF00FAB6C3 /* Modules */ = {
			isa = PBXGroup;
			children = (
				6FBABA2E2A3A016E003EE5F3 /* Collection */,
				6FB536172A352E4E00FAB6C3 /* Base */,
				6FB536292A3532F200FAB6C3 /* Splash */,
				6FB5364C2A35FBB000FAB6C3 /* Main */,
				6FBABA3E2A3B6EFD003EE5F3 /* Detail */,
				6FB536162A352E2900FAB6C3 /* Home */,
				6FB536432A35F36900FAB6C3 /* Favorites */,
			);
			path = Modules;
			sourceTree = "<group>";
		};
		6FB536152A352E0C00FAB6C3 /* Application */ = {
			isa = PBXGroup;
			children = (
				6FBABA572A3C9DC2003EE5F3 /* CoreData */,
				6FB5363B2A35663A00FAB6C3 /* Constants */,
				6FB536002A352DBC00FAB6C3 /* AppDelegate.swift */,
				6FB536022A352DBC00FAB6C3 /* SceneDelegate.swift */,
				6FB536092A352DBC00FAB6C3 /* Assets.xcassets */,
				6FB5360B2A352DBC00FAB6C3 /* LaunchScreen.storyboard */,
			);
			path = Application;
			sourceTree = "<group>";
		};
		6FB536162A352E2900FAB6C3 /* Home */ = {
			isa = PBXGroup;
			children = (
				6FB536042A352DBC00FAB6C3 /* HomeViewController.swift */,
				6FB536062A352DBC00FAB6C3 /* Main.storyboard */,
				6FB536252A3530BE00FAB6C3 /* HomeInteractor.swift */,
				6FB536232A35304E00FAB6C3 /* HomePresenter.swift */,
				6FBABA292A39C468003EE5F3 /* HomeEntity.swift */,
				6FB536272A3530D800FAB6C3 /* HomeRouter.swift */,
			);
			path = Home;
			sourceTree = "<group>";
		};
		6FB536172A352E4E00FAB6C3 /* Base */ = {
			isa = PBXGroup;
			children = (
				6FB5361C2A352EE200FAB6C3 /* BaseViewController.swift */,
			);
			path = Base;
			sourceTree = "<group>";
		};
		6FB536182A352EB100FAB6C3 /* Packages */ = {
			isa = PBXGroup;
			children = (
				6FB536192A352EB100FAB6C3 /* GridLayout */,
				6FB5361A2A352EBA00FAB6C3 /* NetworkDataAPI */,
				6FB536592A36403D00FAB6C3 /* iTunesAPI */,
				6FB536402A35F0E600FAB6C3 /* NetworkStatusObserver */,
				6FB5361B2A352EC700FAB6C3 /* LoadingShowerController */,
				6FB536582A363FA900FAB6C3 /* SegmentedPickerView */,
				6F83CEFB2A500AB200AE59FA /* FloatingViewManager */,
				6F83CF012A501D1F00AE59FA /* MediaPlayerView */,
			);
			name = Packages;
			sourceTree = "<group>";
		};
		6FB5361E2A352F2000FAB6C3 /* Frameworks */ = {
			isa = PBXGroup;
			children = (
				6F83CF042A50703300AE59FA /* AVFoundation.framework */,
				6FBABA542A3C9D21003EE5F3 /* CoreData.framework */,
			);
			name = Frameworks;
			sourceTree = "<group>";
		};
		6FB536292A3532F200FAB6C3 /* Splash */ = {
			isa = PBXGroup;
			children = (
				6FB5362A2A3532FC00FAB6C3 /* SplashViewController.swift */,
				6FB5362C2A35335B00FAB6C3 /* SplashInteractor.swift */,
				6FB5362E2A35337700FAB6C3 /* SplashPresenter.swift */,
				6FB536302A35338F00FAB6C3 /* SplashRouter.swift */,
			);
			path = Splash;
			sourceTree = "<group>";
		};
		6FB5363B2A35663A00FAB6C3 /* Constants */ = {
			isa = PBXGroup;
			children = (
				6FB5363C2A35665200FAB6C3 /* ApplicationConstants.swift */,
			);
			path = Constants;
			sourceTree = "<group>";
		};
		6FB536432A35F36900FAB6C3 /* Favorites */ = {
			isa = PBXGroup;
			children = (
				6FB536442A35F38800FAB6C3 /* FavoritesViewController.swift */,
				6FB536462A35F3BC00FAB6C3 /* FavoritesInteractor.swift */,
				6FB5364A2A35F42C00FAB6C3 /* FavoritesPresenter.swift */,
				6FB536482A35F3FD00FAB6C3 /* FavoritesRouter.swift */,
			);
			path = Favorites;
			sourceTree = "<group>";
		};
		6FB5364C2A35FBB000FAB6C3 /* Main */ = {
			isa = PBXGroup;
			children = (
				6FBABA2D2A3A0159003EE5F3 /* View */,
				6FB536532A3603ED00FAB6C3 /* MainViewController.swift */,
				6FB5364F2A36019B00FAB6C3 /* MainInteractor.swift */,
				6FB536512A36022500FAB6C3 /* MainPresenter.swift */,
				6FBABA2B2A39C5A7003EE5F3 /* MainEntity.swift */,
				6FB5364D2A35FBD600FAB6C3 /* MainRouter.swift */,
			);
			path = Main;
			sourceTree = "<group>";
		};
		6FB536552A362A5600FAB6C3 /* Extensions */ = {
			isa = PBXGroup;
			children = (
				6FB536562A362A7900FAB6C3 /* NSLayoutConstraint+Extension.swift */,
				6FBABA3C2A3A51D5003EE5F3 /* UIEdgeInsets+Extension.swift */,
				6FBABA3F2A3B7739003EE5F3 /* UIColor+Extension.swift */,
				6FBABA412A3B7877003EE5F3 /* CGFloat+Extension.swift */,
			);
			path = Extensions;
			sourceTree = "<group>";
		};
		6FBABA2D2A3A0159003EE5F3 /* View */ = {
			isa = PBXGroup;
			children = (
			);
			path = View;
			sourceTree = "<group>";
		};
		6FBABA2E2A3A016E003EE5F3 /* Collection */ = {
			isa = PBXGroup;
			children = (
				6FBABA2F2A3A017A003EE5F3 /* SearchCell */,
				6FBABA362A3A03CF003EE5F3 /* SearchCollectionFlowLayout.swift */,
			);
			path = Collection;
			sourceTree = "<group>";
		};
		6FBABA2F2A3A017A003EE5F3 /* SearchCell */ = {
			isa = PBXGroup;
			children = (
				6FBABA302A3A019D003EE5F3 /* SearchCell.swift */,
				6FBABA342A3A0276003EE5F3 /* SearchCellInteractor.swift */,
				6FBABA322A3A01A7003EE5F3 /* SearchCellPresenter.swift */,
				6FBABA382A3A043E003EE5F3 /* SearchCellEntity.swift */,
			);
			path = SearchCell;
			sourceTree = "<group>";
		};
		6FBABA3E2A3B6EFD003EE5F3 /* Detail */ = {
			isa = PBXGroup;
			children = (
				6FBABA432A3B8CAD003EE5F3 /* DetailViewController.swift */,
				6FBABA452A3B8D01003EE5F3 /* DetailInteractor.swift */,
				6FBABA472A3B8D35003EE5F3 /* DetailPresenter.swift */,
				6FBABA492A3B8DA1003EE5F3 /* DetailRouter.swift */,
			);
			path = Detail;
			sourceTree = "<group>";
		};
		6FBABA572A3C9DC2003EE5F3 /* CoreData */ = {
			isa = PBXGroup;
			children = (
				6FBABA582A3C9DF9003EE5F3 /* SearchEntityCoreDataModel.xcdatamodeld */,
			);
			path = CoreData;
			sourceTree = "<group>";
		};
		6FBABA5B2A3CA1EC003EE5F3 /* Utility */ = {
			isa = PBXGroup;
			children = (
				6FBABA5C2A3CA205003EE5F3 /* CoreDataManager.swift */,
				6F75DCFF2A3CCFF1003CD00E /* MediaPlayer.swift */,
			);
			path = Utility;
			sourceTree = "<group>";
		};
/* End PBXGroup section */

/* Begin PBXNativeTarget section */
		6F3596822A3CF2D1005F884A /* iTunesAppTests */ = {
			isa = PBXNativeTarget;
			buildConfigurationList = 6F3596892A3CF2D1005F884A /* Build configuration list for PBXNativeTarget "iTunesAppTests" */;
			buildPhases = (
				6F35967F2A3CF2D1005F884A /* Sources */,
				6F3596802A3CF2D1005F884A /* Frameworks */,
				6F3596812A3CF2D1005F884A /* Resources */,
			);
			buildRules = (
			);
			dependencies = (
				6F3596882A3CF2D1005F884A /* PBXTargetDependency */,
			);
			name = iTunesAppTests;
			productName = iTunesAppTests;
			productReference = 6F3596832A3CF2D1005F884A /* iTunesAppTests.xctest */;
			productType = "com.apple.product-type.bundle.unit-test";
		};
		6FB535FC2A352DBC00FAB6C3 /* iTunesApp */ = {
			isa = PBXNativeTarget;
			buildConfigurationList = 6FB536112A352DBC00FAB6C3 /* Build configuration list for PBXNativeTarget "iTunesApp" */;
			buildPhases = (
				6FB535F92A352DBC00FAB6C3 /* Sources */,
				6FB535FA2A352DBC00FAB6C3 /* Frameworks */,
				6FB535FB2A352DBC00FAB6C3 /* Resources */,
			);
			buildRules = (
			);
			dependencies = (
			);
			name = iTunesApp;
			packageProductDependencies = (
				6FB5361F2A352F2000FAB6C3 /* GridLayout */,
				6FB536212A352F2300FAB6C3 /* LoadingShowerController */,
				6FB536412A35F10600FAB6C3 /* NetworkStatusObserver */,
				6FB5365A2A36404700FAB6C3 /* iTunesAPI */,
				6FB5365C2A3650C800FAB6C3 /* SegmentedPickerView */,
				6F83CEFC2A500AC800AE59FA /* FloatingViewManager */,
				6F83CF022A501D5500AE59FA /* MediaPlayerView */,
			);
			productName = iTunesApp;
			productReference = 6FB535FD2A352DBC00FAB6C3 /* iTunesApp.app */;
			productType = "com.apple.product-type.application";
		};
/* End PBXNativeTarget section */

/* Begin PBXProject section */
		6FB535F52A352DBC00FAB6C3 /* Project object */ = {
			isa = PBXProject;
			attributes = {
				BuildIndependentTargetsInParallel = 1;
				LastSwiftUpdateCheck = 1430;
				LastUpgradeCheck = 1430;
				TargetAttributes = {
					6F3596822A3CF2D1005F884A = {
						CreatedOnToolsVersion = 14.3;
						TestTargetID = 6FB535FC2A352DBC00FAB6C3;
					};
					6FB535FC2A352DBC00FAB6C3 = {
						CreatedOnToolsVersion = 14.3;
					};
				};
			};
			buildConfigurationList = 6FB535F82A352DBC00FAB6C3 /* Build configuration list for PBXProject "iTunesApp" */;
			compatibilityVersion = "Xcode 14.0";
			developmentRegion = en;
			hasScannedForEncodings = 0;
			knownRegions = (
				en,
				Base,
			);
			mainGroup = 6FB535F42A352DBC00FAB6C3;
			productRefGroup = 6FB535FE2A352DBC00FAB6C3 /* Products */;
			projectDirPath = "";
			projectRoot = "";
			targets = (
				6FB535FC2A352DBC00FAB6C3 /* iTunesApp */,
				6F3596822A3CF2D1005F884A /* iTunesAppTests */,
			);
		};
/* End PBXProject section */

/* Begin PBXResourcesBuildPhase section */
		6F3596812A3CF2D1005F884A /* Resources */ = {
			isa = PBXResourcesBuildPhase;
			buildActionMask = 2147483647;
			files = (
			);
			runOnlyForDeploymentPostprocessing = 0;
		};
		6FB535FB2A352DBC00FAB6C3 /* Resources */ = {
			isa = PBXResourcesBuildPhase;
			buildActionMask = 2147483647;
			files = (
				6FB5360D2A352DBC00FAB6C3 /* LaunchScreen.storyboard in Resources */,
				6FB5360A2A352DBC00FAB6C3 /* Assets.xcassets in Resources */,
				6FB536082A352DBC00FAB6C3 /* Main.storyboard in Resources */,
			);
			runOnlyForDeploymentPostprocessing = 0;
		};
/* End PBXResourcesBuildPhase section */

/* Begin PBXSourcesBuildPhase section */
		6F35967F2A3CF2D1005F884A /* Sources */ = {
			isa = PBXSourcesBuildPhase;
			buildActionMask = 2147483647;
			files = (
				6F35969A2A3CF556005F884A /* MockSplashRouter.swift in Sources */,
				6F3596862A3CF2D1005F884A /* iTunesAppTests.swift in Sources */,
				6F3596982A3CF48C005F884A /* MockSplashPresenter.swift in Sources */,
				6F35968E2A3CF308005F884A /* MockSplashInteractor.swift in Sources */,
				6F35969C2A3CFAA1005F884A /* SplashTests.swift in Sources */,
				6F3596912A3CF3BD005F884A /* MockSplashViewController.swift in Sources */,
			);
			runOnlyForDeploymentPostprocessing = 0;
		};
		6FB535F92A352DBC00FAB6C3 /* Sources */ = {
			isa = PBXSourcesBuildPhase;
			buildActionMask = 2147483647;
			files = (
				6FBABA392A3A043E003EE5F3 /* SearchCellEntity.swift in Sources */,
				6FBABA5A2A3C9DF9003EE5F3 /* SearchEntityCoreDataModel.xcdatamodeld in Sources */,
				6FB536492A35F3FD00FAB6C3 /* FavoritesRouter.swift in Sources */,
				6FBABA312A3A019D003EE5F3 /* SearchCell.swift in Sources */,
				6FB536452A35F38800FAB6C3 /* FavoritesViewController.swift in Sources */,
				6FBABA3D2A3A51D5003EE5F3 /* UIEdgeInsets+Extension.swift in Sources */,
				6FBABA4A2A3B8DA1003EE5F3 /* DetailRouter.swift in Sources */,
				6FB5364E2A35FBD600FAB6C3 /* MainRouter.swift in Sources */,
				6FB536052A352DBC00FAB6C3 /* HomeViewController.swift in Sources */,
				6FBABA442A3B8CAD003EE5F3 /* DetailViewController.swift in Sources */,
				6FB536472A35F3BC00FAB6C3 /* FavoritesInteractor.swift in Sources */,
				6FB536502A36019B00FAB6C3 /* MainInteractor.swift in Sources */,
				6F75DD002A3CCFF1003CD00E /* MediaPlayer.swift in Sources */,
				6FBABA402A3B7739003EE5F3 /* UIColor+Extension.swift in Sources */,
				6FB5362F2A35337700FAB6C3 /* SplashPresenter.swift in Sources */,
				6FBABA462A3B8D01003EE5F3 /* DetailInteractor.swift in Sources */,
				6FB5363D2A35665200FAB6C3 /* ApplicationConstants.swift in Sources */,
				6FB536522A36022500FAB6C3 /* MainPresenter.swift in Sources */,
				6FBABA2A2A39C468003EE5F3 /* HomeEntity.swift in Sources */,
				6FBABA372A3A03CF003EE5F3 /* SearchCollectionFlowLayout.swift in Sources */,
				6FB5361D2A352EE200FAB6C3 /* BaseViewController.swift in Sources */,
				6FB536282A3530D800FAB6C3 /* HomeRouter.swift in Sources */,
				6FB536012A352DBC00FAB6C3 /* AppDelegate.swift in Sources */,
				6FBABA5D2A3CA205003EE5F3 /* CoreDataManager.swift in Sources */,
				6FBABA422A3B7877003EE5F3 /* CGFloat+Extension.swift in Sources */,
				6FBABA352A3A0276003EE5F3 /* SearchCellInteractor.swift in Sources */,
				6FBABA2C2A39C5A7003EE5F3 /* MainEntity.swift in Sources */,
				6FB5362D2A35335B00FAB6C3 /* SplashInteractor.swift in Sources */,
				6FB536542A3603ED00FAB6C3 /* MainViewController.swift in Sources */,
				6FB536262A3530BE00FAB6C3 /* HomeInteractor.swift in Sources */,
				6FB536572A362A7900FAB6C3 /* NSLayoutConstraint+Extension.swift in Sources */,
				6FB536242A35304E00FAB6C3 /* HomePresenter.swift in Sources */,
				6FB536032A352DBC00FAB6C3 /* SceneDelegate.swift in Sources */,
				6FB536312A35338F00FAB6C3 /* SplashRouter.swift in Sources */,
				6FB5364B2A35F42C00FAB6C3 /* FavoritesPresenter.swift in Sources */,
				6FBABA332A3A01A7003EE5F3 /* SearchCellPresenter.swift in Sources */,
				6FB5362B2A3532FC00FAB6C3 /* SplashViewController.swift in Sources */,
				6FBABA482A3B8D35003EE5F3 /* DetailPresenter.swift in Sources */,
			);
			runOnlyForDeploymentPostprocessing = 0;
		};
/* End PBXSourcesBuildPhase section */

/* Begin PBXTargetDependency section */
		6F3596882A3CF2D1005F884A /* PBXTargetDependency */ = {
			isa = PBXTargetDependency;
			target = 6FB535FC2A352DBC00FAB6C3 /* iTunesApp */;
			targetProxy = 6F3596872A3CF2D1005F884A /* PBXContainerItemProxy */;
		};
/* End PBXTargetDependency section */

/* Begin PBXVariantGroup section */
		6FB536062A352DBC00FAB6C3 /* Main.storyboard */ = {
			isa = PBXVariantGroup;
			children = (
				6FB536072A352DBC00FAB6C3 /* Base */,
			);
			name = Main.storyboard;
			sourceTree = "<group>";
		};
		6FB5360B2A352DBC00FAB6C3 /* LaunchScreen.storyboard */ = {
			isa = PBXVariantGroup;
			children = (
				6FB5360C2A352DBC00FAB6C3 /* Base */,
			);
			name = LaunchScreen.storyboard;
			sourceTree = "<group>";
		};
/* End PBXVariantGroup section */

/* Begin XCBuildConfiguration section */
		6F35968A2A3CF2D1005F884A /* Debug */ = {
			isa = XCBuildConfiguration;
			buildSettings = {
				BUNDLE_LOADER = "$(TEST_HOST)";
				CODE_SIGN_STYLE = Automatic;
				CURRENT_PROJECT_VERSION = 1;
				GENERATE_INFOPLIST_FILE = YES;
				MARKETING_VERSION = 1.0;
				PRODUCT_BUNDLE_IDENTIFIER = com.mtk.iTunesAppTests;
				PRODUCT_NAME = "$(TARGET_NAME)";
				SWIFT_EMIT_LOC_STRINGS = NO;
				SWIFT_VERSION = 5.0;
				TARGETED_DEVICE_FAMILY = "1,2";
				TEST_HOST = "$(BUILT_PRODUCTS_DIR)/iTunesApp.app/$(BUNDLE_EXECUTABLE_FOLDER_PATH)/iTunesApp";
			};
			name = Debug;
		};
		6F35968B2A3CF2D1005F884A /* Release */ = {
			isa = XCBuildConfiguration;
			buildSettings = {
				BUNDLE_LOADER = "$(TEST_HOST)";
				CODE_SIGN_STYLE = Automatic;
				CURRENT_PROJECT_VERSION = 1;
				GENERATE_INFOPLIST_FILE = YES;
				MARKETING_VERSION = 1.0;
				PRODUCT_BUNDLE_IDENTIFIER = com.mtk.iTunesAppTests;
				PRODUCT_NAME = "$(TARGET_NAME)";
				SWIFT_EMIT_LOC_STRINGS = NO;
				SWIFT_VERSION = 5.0;
				TARGETED_DEVICE_FAMILY = "1,2";
				TEST_HOST = "$(BUILT_PRODUCTS_DIR)/iTunesApp.app/$(BUNDLE_EXECUTABLE_FOLDER_PATH)/iTunesApp";
			};
			name = Release;
		};
		6FB5360F2A352DBC00FAB6C3 /* Debug */ = {
			isa = XCBuildConfiguration;
			buildSettings = {
				ALWAYS_SEARCH_USER_PATHS = NO;
				CLANG_ANALYZER_NONNULL = YES;
				CLANG_ANALYZER_NUMBER_OBJECT_CONVERSION = YES_AGGRESSIVE;
				CLANG_CXX_LANGUAGE_STANDARD = "gnu++20";
				CLANG_ENABLE_MODULES = YES;
				CLANG_ENABLE_OBJC_ARC = YES;
				CLANG_ENABLE_OBJC_WEAK = YES;
				CLANG_WARN_BLOCK_CAPTURE_AUTORELEASING = YES;
				CLANG_WARN_BOOL_CONVERSION = YES;
				CLANG_WARN_COMMA = YES;
				CLANG_WARN_CONSTANT_CONVERSION = YES;
				CLANG_WARN_DEPRECATED_OBJC_IMPLEMENTATIONS = YES;
				CLANG_WARN_DIRECT_OBJC_ISA_USAGE = YES_ERROR;
				CLANG_WARN_DOCUMENTATION_COMMENTS = YES;
				CLANG_WARN_EMPTY_BODY = YES;
				CLANG_WARN_ENUM_CONVERSION = YES;
				CLANG_WARN_INFINITE_RECURSION = YES;
				CLANG_WARN_INT_CONVERSION = YES;
				CLANG_WARN_NON_LITERAL_NULL_CONVERSION = YES;
				CLANG_WARN_OBJC_IMPLICIT_RETAIN_SELF = YES;
				CLANG_WARN_OBJC_LITERAL_CONVERSION = YES;
				CLANG_WARN_OBJC_ROOT_CLASS = YES_ERROR;
				CLANG_WARN_QUOTED_INCLUDE_IN_FRAMEWORK_HEADER = YES;
				CLANG_WARN_RANGE_LOOP_ANALYSIS = YES;
				CLANG_WARN_STRICT_PROTOTYPES = YES;
				CLANG_WARN_SUSPICIOUS_MOVE = YES;
				CLANG_WARN_UNGUARDED_AVAILABILITY = YES_AGGRESSIVE;
				CLANG_WARN_UNREACHABLE_CODE = YES;
				CLANG_WARN__DUPLICATE_METHOD_MATCH = YES;
				COPY_PHASE_STRIP = NO;
				DEBUG_INFORMATION_FORMAT = dwarf;
				ENABLE_STRICT_OBJC_MSGSEND = YES;
				ENABLE_TESTABILITY = YES;
				GCC_C_LANGUAGE_STANDARD = gnu11;
				GCC_DYNAMIC_NO_PIC = NO;
				GCC_NO_COMMON_BLOCKS = YES;
				GCC_OPTIMIZATION_LEVEL = 0;
				GCC_PREPROCESSOR_DEFINITIONS = (
					"DEBUG=1",
					"$(inherited)",
				);
				GCC_WARN_64_TO_32_BIT_CONVERSION = YES;
				GCC_WARN_ABOUT_RETURN_TYPE = YES_ERROR;
				GCC_WARN_UNDECLARED_SELECTOR = YES;
				GCC_WARN_UNINITIALIZED_AUTOS = YES_AGGRESSIVE;
				GCC_WARN_UNUSED_FUNCTION = YES;
				GCC_WARN_UNUSED_VARIABLE = YES;
				IPHONEOS_DEPLOYMENT_TARGET = 16.4;
				MTL_ENABLE_DEBUG_INFO = INCLUDE_SOURCE;
				MTL_FAST_MATH = YES;
				ONLY_ACTIVE_ARCH = YES;
				SDKROOT = iphoneos;
				SWIFT_ACTIVE_COMPILATION_CONDITIONS = DEBUG;
				SWIFT_OPTIMIZATION_LEVEL = "-Onone";
			};
			name = Debug;
		};
		6FB536102A352DBC00FAB6C3 /* Release */ = {
			isa = XCBuildConfiguration;
			buildSettings = {
				ALWAYS_SEARCH_USER_PATHS = NO;
				CLANG_ANALYZER_NONNULL = YES;
				CLANG_ANALYZER_NUMBER_OBJECT_CONVERSION = YES_AGGRESSIVE;
				CLANG_CXX_LANGUAGE_STANDARD = "gnu++20";
				CLANG_ENABLE_MODULES = YES;
				CLANG_ENABLE_OBJC_ARC = YES;
				CLANG_ENABLE_OBJC_WEAK = YES;
				CLANG_WARN_BLOCK_CAPTURE_AUTORELEASING = YES;
				CLANG_WARN_BOOL_CONVERSION = YES;
				CLANG_WARN_COMMA = YES;
				CLANG_WARN_CONSTANT_CONVERSION = YES;
				CLANG_WARN_DEPRECATED_OBJC_IMPLEMENTATIONS = YES;
				CLANG_WARN_DIRECT_OBJC_ISA_USAGE = YES_ERROR;
				CLANG_WARN_DOCUMENTATION_COMMENTS = YES;
				CLANG_WARN_EMPTY_BODY = YES;
				CLANG_WARN_ENUM_CONVERSION = YES;
				CLANG_WARN_INFINITE_RECURSION = YES;
				CLANG_WARN_INT_CONVERSION = YES;
				CLANG_WARN_NON_LITERAL_NULL_CONVERSION = YES;
				CLANG_WARN_OBJC_IMPLICIT_RETAIN_SELF = YES;
				CLANG_WARN_OBJC_LITERAL_CONVERSION = YES;
				CLANG_WARN_OBJC_ROOT_CLASS = YES_ERROR;
				CLANG_WARN_QUOTED_INCLUDE_IN_FRAMEWORK_HEADER = YES;
				CLANG_WARN_RANGE_LOOP_ANALYSIS = YES;
				CLANG_WARN_STRICT_PROTOTYPES = YES;
				CLANG_WARN_SUSPICIOUS_MOVE = YES;
				CLANG_WARN_UNGUARDED_AVAILABILITY = YES_AGGRESSIVE;
				CLANG_WARN_UNREACHABLE_CODE = YES;
				CLANG_WARN__DUPLICATE_METHOD_MATCH = YES;
				COPY_PHASE_STRIP = NO;
				DEBUG_INFORMATION_FORMAT = "dwarf-with-dsym";
				ENABLE_NS_ASSERTIONS = NO;
				ENABLE_STRICT_OBJC_MSGSEND = YES;
				GCC_C_LANGUAGE_STANDARD = gnu11;
				GCC_NO_COMMON_BLOCKS = YES;
				GCC_WARN_64_TO_32_BIT_CONVERSION = YES;
				GCC_WARN_ABOUT_RETURN_TYPE = YES_ERROR;
				GCC_WARN_UNDECLARED_SELECTOR = YES;
				GCC_WARN_UNINITIALIZED_AUTOS = YES_AGGRESSIVE;
				GCC_WARN_UNUSED_FUNCTION = YES;
				GCC_WARN_UNUSED_VARIABLE = YES;
				IPHONEOS_DEPLOYMENT_TARGET = 16.4;
				MTL_ENABLE_DEBUG_INFO = NO;
				MTL_FAST_MATH = YES;
				SDKROOT = iphoneos;
				SWIFT_COMPILATION_MODE = wholemodule;
				SWIFT_OPTIMIZATION_LEVEL = "-O";
				VALIDATE_PRODUCT = YES;
			};
			name = Release;
		};
		6FB536122A352DBC00FAB6C3 /* Debug */ = {
			isa = XCBuildConfiguration;
			buildSettings = {
				ASSETCATALOG_COMPILER_APPICON_NAME = AppIcon;
				ASSETCATALOG_COMPILER_GLOBAL_ACCENT_COLOR_NAME = AccentColor;
				CODE_SIGN_STYLE = Automatic;
				CURRENT_PROJECT_VERSION = 1;
				DEVELOPMENT_TEAM = "";
				GENERATE_INFOPLIST_FILE = YES;
				INFOPLIST_FILE = iTunesApp/Info.plist;
				INFOPLIST_KEY_UIApplicationSupportsIndirectInputEvents = YES;
				INFOPLIST_KEY_UILaunchStoryboardName = LaunchScreen;
				INFOPLIST_KEY_UIMainStoryboardFile = Main;
				INFOPLIST_KEY_UISupportedInterfaceOrientations_iPad = "UIInterfaceOrientationPortrait UIInterfaceOrientationPortraitUpsideDown UIInterfaceOrientationLandscapeLeft UIInterfaceOrientationLandscapeRight";
				INFOPLIST_KEY_UISupportedInterfaceOrientations_iPhone = "UIInterfaceOrientationPortrait UIInterfaceOrientationLandscapeLeft UIInterfaceOrientationLandscapeRight";
				IPHONEOS_DEPLOYMENT_TARGET = 13.0;
				LD_RUNPATH_SEARCH_PATHS = (
					"$(inherited)",
					"@executable_path/Frameworks",
				);
				MARKETING_VERSION = 1.0;
				PRODUCT_BUNDLE_IDENTIFIER = com.mtk.iTunesApp;
				PRODUCT_NAME = "$(TARGET_NAME)";
				SWIFT_EMIT_LOC_STRINGS = YES;
				SWIFT_VERSION = 5.0;
				TARGETED_DEVICE_FAMILY = "1,2";
			};
			name = Debug;
		};
		6FB536132A352DBC00FAB6C3 /* Release */ = {
			isa = XCBuildConfiguration;
			buildSettings = {
				ASSETCATALOG_COMPILER_APPICON_NAME = AppIcon;
				ASSETCATALOG_COMPILER_GLOBAL_ACCENT_COLOR_NAME = AccentColor;
				CODE_SIGN_STYLE = Automatic;
				CURRENT_PROJECT_VERSION = 1;
				DEVELOPMENT_TEAM = "";
				GENERATE_INFOPLIST_FILE = YES;
				INFOPLIST_FILE = iTunesApp/Info.plist;
				INFOPLIST_KEY_UIApplicationSupportsIndirectInputEvents = YES;
				INFOPLIST_KEY_UILaunchStoryboardName = LaunchScreen;
				INFOPLIST_KEY_UIMainStoryboardFile = Main;
				INFOPLIST_KEY_UISupportedInterfaceOrientations_iPad = "UIInterfaceOrientationPortrait UIInterfaceOrientationPortraitUpsideDown UIInterfaceOrientationLandscapeLeft UIInterfaceOrientationLandscapeRight";
				INFOPLIST_KEY_UISupportedInterfaceOrientations_iPhone = "UIInterfaceOrientationPortrait UIInterfaceOrientationLandscapeLeft UIInterfaceOrientationLandscapeRight";
				IPHONEOS_DEPLOYMENT_TARGET = 13.0;
				LD_RUNPATH_SEARCH_PATHS = (
					"$(inherited)",
					"@executable_path/Frameworks",
				);
				MARKETING_VERSION = 1.0;
				PRODUCT_BUNDLE_IDENTIFIER = com.mtk.iTunesApp;
				PRODUCT_NAME = "$(TARGET_NAME)";
				SWIFT_EMIT_LOC_STRINGS = YES;
				SWIFT_VERSION = 5.0;
				TARGETED_DEVICE_FAMILY = "1,2";
			};
			name = Release;
		};
/* End XCBuildConfiguration section */

/* Begin XCConfigurationList section */
		6F3596892A3CF2D1005F884A /* Build configuration list for PBXNativeTarget "iTunesAppTests" */ = {
			isa = XCConfigurationList;
			buildConfigurations = (
				6F35968A2A3CF2D1005F884A /* Debug */,
				6F35968B2A3CF2D1005F884A /* Release */,
			);
			defaultConfigurationIsVisible = 0;
			defaultConfigurationName = Release;
		};
		6FB535F82A352DBC00FAB6C3 /* Build configuration list for PBXProject "iTunesApp" */ = {
			isa = XCConfigurationList;
			buildConfigurations = (
				6FB5360F2A352DBC00FAB6C3 /* Debug */,
				6FB536102A352DBC00FAB6C3 /* Release */,
			);
			defaultConfigurationIsVisible = 0;
			defaultConfigurationName = Release;
		};
		6FB536112A352DBC00FAB6C3 /* Build configuration list for PBXNativeTarget "iTunesApp" */ = {
			isa = XCConfigurationList;
			buildConfigurations = (
				6FB536122A352DBC00FAB6C3 /* Debug */,
				6FB536132A352DBC00FAB6C3 /* Release */,
			);
			defaultConfigurationIsVisible = 0;
			defaultConfigurationName = Release;
		};
/* End XCConfigurationList section */

/* Begin XCSwiftPackageProductDependency section */
		6F83CEFC2A500AC800AE59FA /* FloatingViewManager */ = {
			isa = XCSwiftPackageProductDependency;
			productName = FloatingViewManager;
		};
		6F83CF022A501D5500AE59FA /* MediaPlayerView */ = {
			isa = XCSwiftPackageProductDependency;
			productName = MediaPlayerView;
		};
		6FB5361F2A352F2000FAB6C3 /* GridLayout */ = {
			isa = XCSwiftPackageProductDependency;
			productName = GridLayout;
		};
		6FB536212A352F2300FAB6C3 /* LoadingShowerController */ = {
			isa = XCSwiftPackageProductDependency;
			productName = LoadingShowerController;
		};
		6FB536412A35F10600FAB6C3 /* NetworkStatusObserver */ = {
			isa = XCSwiftPackageProductDependency;
			productName = NetworkStatusObserver;
		};
		6FB5365A2A36404700FAB6C3 /* iTunesAPI */ = {
			isa = XCSwiftPackageProductDependency;
			productName = iTunesAPI;
		};
		6FB5365C2A3650C800FAB6C3 /* SegmentedPickerView */ = {
			isa = XCSwiftPackageProductDependency;
			productName = SegmentedPickerView;
		};
/* End XCSwiftPackageProductDependency section */

/* Begin XCVersionGroup section */
		6FBABA582A3C9DF9003EE5F3 /* SearchEntityCoreDataModel.xcdatamodeld */ = {
			isa = XCVersionGroup;
			children = (
				6FBABA592A3C9DF9003EE5F3 /* SearchEntityCoreDataModel.xcdatamodel */,
			);
			currentVersion = 6FBABA592A3C9DF9003EE5F3 /* SearchEntityCoreDataModel.xcdatamodel */;
			path = SearchEntityCoreDataModel.xcdatamodeld;
			sourceTree = "<group>";
			versionGroupType = wrapper.xcdatamodel;
		};
/* End XCVersionGroup section */
	};
	rootObject = 6FB535F52A352DBC00FAB6C3 /* Project object */;
}
